// !$*UTF8*$!
{
	archiveVersion = 1;
	classes = {
	};
	objectVersion = 50;
	objects = {

/* Begin PBXBuildFile section */
		64BC54EE220A1CFD0095F9FB /* AppDelegate.m in Sources */ = {isa = PBXBuildFile; fileRef = 64BC54ED220A1CFD0095F9FB /* AppDelegate.m */; };
		64BC54F1220A1CFD0095F9FB /* ViewController.m in Sources */ = {isa = PBXBuildFile; fileRef = 64BC54F0220A1CFD0095F9FB /* ViewController.m */; };
		64BC54F4220A1CFD0095F9FB /* Main.storyboard in Resources */ = {isa = PBXBuildFile; fileRef = 64BC54F2220A1CFD0095F9FB /* Main.storyboard */; };
		64BC54F6220A1CFD0095F9FB /* Assets.xcassets in Resources */ = {isa = PBXBuildFile; fileRef = 64BC54F5220A1CFD0095F9FB /* Assets.xcassets */; };
		64BC54F9220A1CFD0095F9FB /* LaunchScreen.storyboard in Resources */ = {isa = PBXBuildFile; fileRef = 64BC54F7220A1CFD0095F9FB /* LaunchScreen.storyboard */; };
		64BC54FC220A1CFD0095F9FB /* main.m in Sources */ = {isa = PBXBuildFile; fileRef = 64BC54FB220A1CFD0095F9FB /* main.m */; };
		64BC550B220A21000095F9FB /* libswresample.a in Frameworks */ = {isa = PBXBuildFile; fileRef = 64BC5503220A21000095F9FB /* libswresample.a */; };
		64BC550C220A21000095F9FB /* libavcodec.a in Frameworks */ = {isa = PBXBuildFile; fileRef = 64BC5504220A21000095F9FB /* libavcodec.a */; };
		64BC550D220A21000095F9FB /* libswscale.a in Frameworks */ = {isa = PBXBuildFile; fileRef = 64BC5505220A21000095F9FB /* libswscale.a */; };
		64BC550E220A21000095F9FB /* libavutil.a in Frameworks */ = {isa = PBXBuildFile; fileRef = 64BC5506220A21000095F9FB /* libavutil.a */; };
		64BC550F220A21000095F9FB /* libavresample.a in Frameworks */ = {isa = PBXBuildFile; fileRef = 64BC5507220A21000095F9FB /* libavresample.a */; };
		64BC5510220A21000095F9FB /* libavfilter.a in Frameworks */ = {isa = PBXBuildFile; fileRef = 64BC5508220A21000095F9FB /* libavfilter.a */; };
		64BC5511220A21000095F9FB /* libavformat.a in Frameworks */ = {isa = PBXBuildFile; fileRef = 64BC5509220A21000095F9FB /* libavformat.a */; };
		64BC5512220A21000095F9FB /* libavdevice.a in Frameworks */ = {isa = PBXBuildFile; fileRef = 64BC550A220A21000095F9FB /* libavdevice.a */; };
/* End PBXBuildFile section */

/* Begin PBXFileReference section */
		64BC54E9220A1CFD0095F9FB /* 3.testIOS.app */ = {isa = PBXFileReference; explicitFileType = wrapper.application; includeInIndex = 0; path = 3.testIOS.app; sourceTree = BUILT_PRODUCTS_DIR; };
		64BC54EC220A1CFD0095F9FB /* AppDelegate.h */ = {isa = PBXFileReference; lastKnownFileType = sourcecode.c.h; path = AppDelegate.h; sourceTree = "<group>"; };
		64BC54ED220A1CFD0095F9FB /* AppDelegate.m */ = {isa = PBXFileReference; lastKnownFileType = sourcecode.c.objc; path = AppDelegate.m; sourceTree = "<group>"; };
		64BC54EF220A1CFD0095F9FB /* ViewController.h */ = {isa = PBXFileReference; lastKnownFileType = sourcecode.c.h; path = ViewController.h; sourceTree = "<group>"; };
		64BC54F0220A1CFD0095F9FB /* ViewController.m */ = {isa = PBXFileReference; lastKnownFileType = sourcecode.c.objc; path = ViewController.m; sourceTree = "<group>"; };
		64BC54F3220A1CFD0095F9FB /* Base */ = {isa = PBXFileReference; lastKnownFileType = file.storyboard; name = Base; path = Base.lproj/Main.storyboard; sourceTree = "<group>"; };
		64BC54F5220A1CFD0095F9FB /* Assets.xcassets */ = {isa = PBXFileReference; lastKnownFileType = folder.assetcatalog; path = Assets.xcassets; sourceTree = "<group>"; };
		64BC54F8220A1CFD0095F9FB /* Base */ = {isa = PBXFileReference; lastKnownFileType = file.storyboard; name = Base; path = Base.lproj/LaunchScreen.storyboard; sourceTree = "<group>"; };
		64BC54FA220A1CFD0095F9FB /* Info.plist */ = {isa = PBXFileReference; lastKnownFileType = text.plist.xml; path = Info.plist; sourceTree = "<group>"; };
		64BC54FB220A1CFD0095F9FB /* main.m */ = {isa = PBXFileReference; lastKnownFileType = sourcecode.c.objc; path = main.m; sourceTree = "<group>"; };
		64BC5503220A21000095F9FB /* libswresample.a */ = {isa = PBXFileReference; lastKnownFileType = archive.ar; name = libswresample.a; path = 3.testIOS/libffmpeg/lib/libswresample.a; sourceTree = "<group>"; };
		64BC5504220A21000095F9FB /* libavcodec.a */ = {isa = PBXFileReference; lastKnownFileType = archive.ar; name = libavcodec.a; path = 3.testIOS/libffmpeg/lib/libavcodec.a; sourceTree = "<group>"; };
		64BC5505220A21000095F9FB /* libswscale.a */ = {isa = PBXFileReference; lastKnownFileType = archive.ar; name = libswscale.a; path = 3.testIOS/libffmpeg/lib/libswscale.a; sourceTree = "<group>"; };
		64BC5506220A21000095F9FB /* libavutil.a */ = {isa = PBXFileReference; lastKnownFileType = archive.ar; name = libavutil.a; path = 3.testIOS/libffmpeg/lib/libavutil.a; sourceTree = "<group>"; };
		64BC5507220A21000095F9FB /* libavresample.a */ = {isa = PBXFileReference; lastKnownFileType = archive.ar; name = libavresample.a; path = 3.testIOS/libffmpeg/lib/libavresample.a; sourceTree = "<group>"; };
		64BC5508220A21000095F9FB /* libavfilter.a */ = {isa = PBXFileReference; lastKnownFileType = archive.ar; name = libavfilter.a; path = 3.testIOS/libffmpeg/lib/libavfilter.a; sourceTree = "<group>"; };
		64BC5509220A21000095F9FB /* libavformat.a */ = {isa = PBXFileReference; lastKnownFileType = archive.ar; name = libavformat.a; path = 3.testIOS/libffmpeg/lib/libavformat.a; sourceTree = "<group>"; };
		64BC550A220A21000095F9FB /* libavdevice.a */ = {isa = PBXFileReference; lastKnownFileType = archive.ar; name = libavdevice.a; path = 3.testIOS/libffmpeg/lib/libavdevice.a; sourceTree = "<group>"; };
/* End PBXFileReference section */

/* Begin PBXFrameworksBuildPhase section */
		64BC54E6220A1CFD0095F9FB /* Frameworks */ = {
			isa = PBXFrameworksBuildPhase;
			buildActionMask = 2147483647;
			files = (
				64BC550B220A21000095F9FB /* libswresample.a in Frameworks */,
				64BC550C220A21000095F9FB /* libavcodec.a in Frameworks */,
				64BC550D220A21000095F9FB /* libswscale.a in Frameworks */,
				64BC550E220A21000095F9FB /* libavutil.a in Frameworks */,
				64BC550F220A21000095F9FB /* libavresample.a in Frameworks */,
				64BC5510220A21000095F9FB /* libavfilter.a in Frameworks */,
				64BC5511220A21000095F9FB /* libavformat.a in Frameworks */,
				64BC5512220A21000095F9FB /* libavdevice.a in Frameworks */,
			);
			runOnlyForDeploymentPostprocessing = 0;
		};
/* End PBXFrameworksBuildPhase section */

/* Begin PBXGroup section */
		64BC54E0220A1CFD0095F9FB = {
			isa = PBXGroup;
			children = (
				64BC54EB220A1CFD0095F9FB /* 3.testIOS */,
				64BC54EA220A1CFD0095F9FB /* Products */,
				64BC5502220A20FF0095F9FB /* Frameworks */,
			);
			sourceTree = "<group>";
		};
		64BC54EA220A1CFD0095F9FB /* Products */ = {
			isa = PBXGroup;
			children = (
				64BC54E9220A1CFD0095F9FB /* 3.testIOS.app */,
			);
			name = Products;
			sourceTree = "<group>";
		};
		64BC54EB220A1CFD0095F9FB /* 3.testIOS */ = {
			isa = PBXGroup;
			children = (
				64BC54EC220A1CFD0095F9FB /* AppDelegate.h */,
				64BC54ED220A1CFD0095F9FB /* AppDelegate.m */,
				64BC54EF220A1CFD0095F9FB /* ViewController.h */,
				64BC54F0220A1CFD0095F9FB /* ViewController.m */,
				64BC54F2220A1CFD0095F9FB /* Main.storyboard */,
				64BC54F5220A1CFD0095F9FB /* Assets.xcassets */,
				64BC54F7220A1CFD0095F9FB /* LaunchScreen.storyboard */,
				64BC54FA220A1CFD0095F9FB /* Info.plist */,
				64BC54FB220A1CFD0095F9FB /* main.m */,
			);
			path = 3.testIOS;
			sourceTree = "<group>";
		};
		64BC5502220A20FF0095F9FB /* Frameworks */ = {
			isa = PBXGroup;
			children = (
				64BC5504220A21000095F9FB /* libavcodec.a */,
				64BC550A220A21000095F9FB /* libavdevice.a */,
				64BC5508220A21000095F9FB /* libavfilter.a */,
				64BC5509220A21000095F9FB /* libavformat.a */,
				64BC5507220A21000095F9FB /* libavresample.a */,
				64BC5506220A21000095F9FB /* libavutil.a */,
				64BC5503220A21000095F9FB /* libswresample.a */,
				64BC5505220A21000095F9FB /* libswscale.a */,
			);
			name = Frameworks;
			sourceTree = "<group>";
		};
/* End PBXGroup section */

/* Begin PBXNativeTarget section */
		64BC54E8220A1CFD0095F9FB /* 3.testIOS */ = {
			isa = PBXNativeTarget;
			buildConfigurationList = 64BC54FF220A1CFD0095F9FB /* Build configuration list for PBXNativeTarget "3.testIOS" */;
			buildPhases = (
				64BC54E5220A1CFD0095F9FB /* Sources */,
				64BC54E6220A1CFD0095F9FB /* Frameworks */,
				64BC54E7220A1CFD0095F9FB /* Resources */,
			);
			buildRules = (
			);
			dependencies = (
			);
			name = 3.testIOS;
			productName = 3.testIOS;
			productReference = 64BC54E9220A1CFD0095F9FB /* 3.testIOS.app */;
			productType = "com.apple.product-type.application";
		};
/* End PBXNativeTarget section */

/* Begin PBXProject section */
		64BC54E1220A1CFD0095F9FB /* Project object */ = {
			isa = PBXProject;
			attributes = {
				LastUpgradeCheck = 1010;
				ORGANIZATIONNAME = "杨秉熙";
				TargetAttributes = {
					64BC54E8220A1CFD0095F9FB = {
						CreatedOnToolsVersion = 10.1;
					};
				};
			};
			buildConfigurationList = 64BC54E4220A1CFD0095F9FB /* Build configuration list for PBXProject "3.testIOS" */;
			compatibilityVersion = "Xcode 9.3";
			developmentRegion = en;
			hasScannedForEncodings = 0;
			knownRegions = (
				en,
				Base,
			);
			mainGroup = 64BC54E0220A1CFD0095F9FB;
			productRefGroup = 64BC54EA220A1CFD0095F9FB /* Products */;
			projectDirPath = "";
			projectRoot = "";
			targets = (
				64BC54E8220A1CFD0095F9FB /* 3.testIOS */,
			);
		};
/* End PBXProject section */

/* Begin PBXResourcesBuildPhase section */
		64BC54E7220A1CFD0095F9FB /* Resources */ = {
			isa = PBXResourcesBuildPhase;
			buildActionMask = 2147483647;
			files = (
				64BC54F9220A1CFD0095F9FB /* LaunchScreen.storyboard in Resources */,
				64BC54F6220A1CFD0095F9FB /* Assets.xcassets in Resources */,
				64BC54F4220A1CFD0095F9FB /* Main.storyboard in Resources */,
			);
			runOnlyForDeploymentPostprocessing = 0;
		};
/* End PBXResourcesBuildPhase section */

/* Begin PBXSourcesBuildPhase section */
		64BC54E5220A1CFD0095F9FB /* Sources */ = {
			isa = PBXSourcesBuildPhase;
			buildActionMask = 2147483647;
			files = (
				64BC54F1220A1CFD0095F9FB /* ViewController.m in Sources */,
				64BC54FC220A1CFD0095F9FB /* main.m in Sources */,
				64BC54EE220A1CFD0095F9FB /* AppDelegate.m in Sources */,
			);
			runOnlyForDeploymentPostprocessing = 0;
		};
/* End PBXSourcesBuildPhase section */

/* Begin PBXVariantGroup section */
		64BC54F2220A1CFD0095F9FB /* Main.storyboard */ = {
			isa = PBXVariantGroup;
			children = (
				64BC54F3220A1CFD0095F9FB /* Base */,
			);
			name = Main.storyboard;
			sourceTree = "<group>";
		};
		64BC54F7220A1CFD0095F9FB /* LaunchScreen.storyboard */ = {
			isa = PBXVariantGroup;
			children = (
				64BC54F8220A1CFD0095F9FB /* Base */,
			);
			name = LaunchScreen.storyboard;
			sourceTree = "<group>";
		};
/* End PBXVariantGroup section */

/* Begin XCBuildConfiguration section */
		64BC54FD220A1CFD0095F9FB /* Debug */ = {
			isa = XCBuildConfiguration;
			buildSettings = {
				ALWAYS_SEARCH_USER_PATHS = NO;
				CLANG_ANALYZER_NONNULL = YES;
				CLANG_ANALYZER_NUMBER_OBJECT_CONVERSION = YES_AGGRESSIVE;
				CLANG_CXX_LANGUAGE_STANDARD = "gnu++14";
				CLANG_CXX_LIBRARY = "libc++";
				CLANG_ENABLE_MODULES = YES;
				CLANG_ENABLE_OBJC_ARC = NO;
				CLANG_ENABLE_OBJC_WEAK = YES;
				CLANG_WARN_BLOCK_CAPTURE_AUTORELEASING = YES;
				CLANG_WARN_BOOL_CONVERSION = YES;
				CLANG_WARN_COMMA = YES;
				CLANG_WARN_CONSTANT_CONVERSION = YES;
				CLANG_WARN_DEPRECATED_OBJC_IMPLEMENTATIONS = YES;
				CLANG_WARN_DIRECT_OBJC_ISA_USAGE = YES_ERROR;
				CLANG_WARN_DOCUMENTATION_COMMENTS = YES;
				CLANG_WARN_EMPTY_BODY = YES;
				CLANG_WARN_ENUM_CONVERSION = YES;
				CLANG_WARN_INFINITE_RECURSION = YES;
				CLANG_WARN_INT_CONVERSION = YES;
				CLANG_WARN_NON_LITERAL_NULL_CONVERSION = YES;
				CLANG_WARN_OBJC_IMPLICIT_RETAIN_SELF = YES;
				CLANG_WARN_OBJC_LITERAL_CONVERSION = YES;
				CLANG_WARN_OBJC_ROOT_CLASS = YES_ERROR;
				CLANG_WARN_RANGE_LOOP_ANALYSIS = YES;
				CLANG_WARN_STRICT_PROTOTYPES = YES;
				CLANG_WARN_SUSPICIOUS_MOVE = YES;
				CLANG_WARN_UNGUARDED_AVAILABILITY = YES_AGGRESSIVE;
				CLANG_WARN_UNREACHABLE_CODE = YES;
				CLANG_WARN__DUPLICATE_METHOD_MATCH = YES;
				CODE_SIGN_IDENTITY = "iPhone Developer";
				COPY_PHASE_STRIP = NO;
				DEBUG_INFORMATION_FORMAT = dwarf;
				ENABLE_STRICT_OBJC_MSGSEND = YES;
				ENABLE_TESTABILITY = YES;
				GCC_C_LANGUAGE_STANDARD = gnu11;
				GCC_DYNAMIC_NO_PIC = NO;
				GCC_NO_COMMON_BLOCKS = YES;
				GCC_OPTIMIZATION_LEVEL = 0;
				GCC_PREPROCESSOR_DEFINITIONS = (
					"DEBUG=1",
					"$(inherited)",
				);
				GCC_WARN_64_TO_32_BIT_CONVERSION = YES;
				GCC_WARN_ABOUT_RETURN_TYPE = YES_ERROR;
				GCC_WARN_UNDECLARED_SELECTOR = YES;
				GCC_WARN_UNINITIALIZED_AUTOS = YES_AGGRESSIVE;
				GCC_WARN_UNUSED_FUNCTION = YES;
				GCC_WARN_UNUSED_VARIABLE = YES;
				IPHONEOS_DEPLOYMENT_TARGET = 12.1;
				MTL_ENABLE_DEBUG_INFO = INCLUDE_SOURCE;
				MTL_FAST_MATH = YES;
				ONLY_ACTIVE_ARCH = YES;
				SDKROOT = iphoneos;
			};
			name = Debug;
		};
		64BC54FE220A1CFD0095F9FB /* Release */ = {
			isa = XCBuildConfiguration;
			buildSettings = {
				ALWAYS_SEARCH_USER_PATHS = NO;
				CLANG_ANALYZER_NONNULL = YES;
				CLANG_ANALYZER_NUMBER_OBJECT_CONVERSION = YES_AGGRESSIVE;
				CLANG_CXX_LANGUAGE_STANDARD = "gnu++14";
				CLANG_CXX_LIBRARY = "libc++";
				CLANG_ENABLE_MODULES = YES;
				CLANG_ENABLE_OBJC_ARC = NO;
				CLANG_ENABLE_OBJC_WEAK = YES;
				CLANG_WARN_BLOCK_CAPTURE_AUTORELEASING = YES;
				CLANG_WARN_BOOL_CONVERSION = YES;
				CLANG_WARN_COMMA = YES;
				CLANG_WARN_CONSTANT_CONVERSION = YES;
				CLANG_WARN_DEPRECATED_OBJC_IMPLEMENTATIONS = YES;
				CLANG_WARN_DIRECT_OBJC_ISA_USAGE = YES_ERROR;
				CLANG_WARN_DOCUMENTATION_COMMENTS = YES;
				CLANG_WARN_EMPTY_BODY = YES;
				CLANG_WARN_ENUM_CONVERSION = YES;
				CLANG_WARN_INFINITE_RECURSION = YES;
				CLANG_WARN_INT_CONVERSION = YES;
				CLANG_WARN_NON_LITERAL_NULL_CONVERSION = YES;
				CLANG_WARN_OBJC_IMPLICIT_RETAIN_SELF = YES;
				CLANG_WARN_OBJC_LITERAL_CONVERSION = YES;
				CLANG_WARN_OBJC_ROOT_CLASS = YES_ERROR;
				CLANG_WARN_RANGE_LOOP_ANALYSIS = YES;
				CLANG_WARN_STRICT_PROTOTYPES = YES;
				CLANG_WARN_SUSPICIOUS_MOVE = YES;
				CLANG_WARN_UNGUARDED_AVAILABILITY = YES_AGGRESSIVE;
				CLANG_WARN_UNREACHABLE_CODE = YES;
				CLANG_WARN__DUPLICATE_METHOD_MATCH = YES;
				CODE_SIGN_IDENTITY = "iPhone Developer";
				COPY_PHASE_STRIP = NO;
				DEBUG_INFORMATION_FORMAT = "dwarf-with-dsym";
				ENABLE_NS_ASSERTIONS = NO;
				ENABLE_STRICT_OBJC_MSGSEND = YES;
				GCC_C_LANGUAGE_STANDARD = gnu11;
				GCC_NO_COMMON_BLOCKS = YES;
				GCC_WARN_64_TO_32_BIT_CONVERSION = YES;
				GCC_WARN_ABOUT_RETURN_TYPE = YES_ERROR;
				GCC_WARN_UNDECLARED_SELECTOR = YES;
				GCC_WARN_UNINITIALIZED_AUTOS = YES_AGGRESSIVE;
				GCC_WARN_UNUSED_FUNCTION = YES;
				GCC_WARN_UNUSED_VARIABLE = YES;
				IPHONEOS_DEPLOYMENT_TARGET = 12.1;
				MTL_ENABLE_DEBUG_INFO = NO;
				MTL_FAST_MATH = YES;
				SDKROOT = iphoneos;
				VALIDATE_PRODUCT = YES;
			};
			name = Release;
		};
		64BC5500220A1CFD0095F9FB /* Debug */ = {
			isa = XCBuildConfiguration;
			buildSettings = {
				ASSETCATALOG_COMPILER_APPICON_NAME = AppIcon;
				CODE_SIGN_STYLE = Automatic;
				HEADER_SEARCH_PATHS = (
					"$(inherited)",
					"$(PROJECT_DIR)/3.testIOS/libffmpeg/include",
				);
				INFOPLIST_FILE = 3.testIOS/Info.plist;
				LD_RUNPATH_SEARCH_PATHS = (
					"$(inherited)",
					"@executable_path/Frameworks",
				);
				LIBRARY_SEARCH_PATHS = (
					"$(inherited)",
					"$(PROJECT_DIR)/3.testIOS/libffmpeg/lib",
				);
				PRODUCT_BUNDLE_IDENTIFIER = "test.--testIOS";
				PRODUCT_NAME = "$(TARGET_NAME)";
				TARGETED_DEVICE_FAMILY = "1,2";
			};
			name = Debug;
		};
		64BC5501220A1CFD0095F9FB /* Release */ = {
			isa = XCBuildConfiguration;
			buildSettings = {
				ASSETCATALOG_COMPILER_APPICON_NAME = AppIcon;
				CODE_SIGN_STYLE = Automatic;
				HEADER_SEARCH_PATHS = (
					"$(inherited)",
					"$(PROJECT_DIR)/3.testIOS/libffmpeg/include",
				);
				INFOPLIST_FILE = 3.testIOS/Info.plist;
				LD_RUNPATH_SEARCH_PATHS = (
					"$(inherited)",
					"@executable_path/Frameworks",
				);
				LIBRARY_SEARCH_PATHS = (
					"$(inherited)",
					"$(PROJECT_DIR)/3.testIOS/libffmpeg/lib",
				);
				PRODUCT_BUNDLE_IDENTIFIER = "test.--testIOS";
				PRODUCT_NAME = "$(TARGET_NAME)";
				TARGETED_DEVICE_FAMILY = "1,2";
			};
			name = Release;
		};
/* End XCBuildConfiguration section */

/* Begin XCConfigurationList section */
		64BC54E4220A1CFD0095F9FB /* Build configuration list for PBXProject "3.testIOS" */ = {
			isa = XCConfigurationList;
			buildConfigurations = (
				64BC54FD220A1CFD0095F9FB /* Debug */,
				64BC54FE220A1CFD0095F9FB /* Release */,
			);
			defaultConfigurationIsVisible = 0;
			defaultConfigurationName = Release;
		};
		64BC54FF220A1CFD0095F9FB /* Build configuration list for PBXNativeTarget "3.testIOS" */ = {
			isa = XCConfigurationList;
			buildConfigurations = (
				64BC5500220A1CFD0095F9FB /* Debug */,
				64BC5501220A1CFD0095F9FB /* Release */,
			);
			defaultConfigurationIsVisible = 0;
			defaultConfigurationName = Release;
		};
/* End XCConfigurationList section */
	};
	rootObject = 64BC54E1220A1CFD0095F9FB /* Project object */;
}
